
Microsoft Visual Studio Solution File, Format Version 12.00
# Visual Studio Version 16
VisualStudioVersion = 16.0.29411.108
MinimumVisualStudioVersion = 10.0.40219.1
Project("{FAE04EC0-301F-11D3-BF4B-00C04F79EFBC}") = "WPF hesla", "WPF hesla\WPF hesla.csproj", "{E79BBB01-A650-44CD-95C8-3EB369BA75B3}"
EndProject
Global
	GlobalSection(SolutionConfigurationPlatforms) = preSolution
		Debug|Any CPU = Debug|Any CPU
		Release|Any CPU = Release|Any CPU
	EndGlobalSection
	GlobalSection(ProjectConfigurationPlatforms) = postSolution
		{E79BBB01-A650-44CD-95C8-3EB369BA75B3}.Debug|Any CPU.ActiveCfg = Debug|Any CPU
		{E79BBB01-A650-44CD-95C8-3EB369BA75B3}.Debug|Any CPU.Build.0 = Debug|Any CPU
		{E79BBB01-A650-44CD-95C8-3EB369BA75B3}.Release|Any CPU.ActiveCfg = Release|Any CPU
		{E79BBB01-A650-44CD-95C8-3EB369BA75B3}.Release|Any CPU.Build.0 = Release|Any CPU
	EndGlobalSection
	GlobalSection(SolutionProperties) = preSolution
		HideSolutionNode = FALSE
	EndGlobalSection
	GlobalSection(ExtensibilityGlobals) = postSolution
		SolutionGuid = {4168E0B5-8478-4DFE-84F1-148D5AE93E9D}
	EndGlobalSection
EndGlobal
